
Microsoft Visual Studio Solution File, Format Version 12.00
# Visual Studio Version 16
VisualStudioVersion = 16.0.32802.440
MinimumVisualStudioVersion = 10.0.40219.1
Project("{FAE04EC0-301F-11D3-BF4B-00C04F79EFBC}") = "Practica_01", "Practica_01\Practica_01.csproj", "{552FD364-9BE0-4014-8588-424924A33710}"
EndProject
Global
	GlobalSection(SolutionConfigurationPlatforms) = preSolution
		Debug|Any CPU = Debug|Any CPU
		Release|Any CPU = Release|Any CPU
	EndGlobalSection
	GlobalSection(ProjectConfigurationPlatforms) = postSolution
		{552FD364-9BE0-4014-8588-424924A33710}.Debug|Any CPU.ActiveCfg = Debug|Any CPU
		{552FD364-9BE0-4014-8588-424924A33710}.Debug|Any CPU.Build.0 = Debug|Any CPU
		{552FD364-9BE0-4014-8588-424924A33710}.Release|Any CPU.ActiveCfg = Release|Any CPU
		{552FD364-9BE0-4014-8588-424924A33710}.Release|Any CPU.Build.0 = Release|Any CPU
	EndGlobalSection
	GlobalSection(SolutionProperties) = preSolution
		HideSolutionNode = FALSE
	EndGlobalSection
	GlobalSection(ExtensibilityGlobals) = postSolution
		SolutionGuid = {5C9D282A-A6BA-4E69-B1BB-216216D64685}
	EndGlobalSection
EndGlobal
